
Microsoft Visual Studio Solution File, Format Version 12.00
# Visual Studio Version 17
VisualStudioVersion = 17.1.32407.343
MinimumVisualStudioVersion = 10.0.40219.1
Project("{FAE04EC0-301F-11D3-BF4B-00C04F79EFBC}") = "Calculator.AspNetCoreApp", "Calculator.AspNetCoreApp.csproj", "{C1CE3DD3-08B8-4F5E-882A-9FEFE7F16EC9}"
EndProject
Global
	GlobalSection(SolutionConfigurationPlatforms) = preSolution
		Debug|Any CPU = Debug|Any CPU
		Release|Any CPU = Release|Any CPU
	EndGlobalSection
	GlobalSection(ProjectConfigurationPlatforms) = postSolution
		{C1CE3DD3-08B8-4F5E-882A-9FEFE7F16EC9}.Debug|Any CPU.ActiveCfg = Debug|Any CPU
		{C1CE3DD3-08B8-4F5E-882A-9FEFE7F16EC9}.Debug|Any CPU.Build.0 = Debug|Any CPU
		{C1CE3DD3-08B8-4F5E-882A-9FEFE7F16EC9}.Release|Any CPU.ActiveCfg = Release|Any CPU
		{C1CE3DD3-08B8-4F5E-882A-9FEFE7F16EC9}.Release|Any CPU.Build.0 = Release|Any CPU
	EndGlobalSection
	GlobalSection(SolutionProperties) = preSolution
		HideSolutionNode = FALSE
	EndGlobalSection
	GlobalSection(ExtensibilityGlobals) = postSolution
		SolutionGuid = {FA2D0799-23F1-4147-8E54-B42067A289C4}
	EndGlobalSection
EndGlobal
